
Microsoft Visual Studio Solution File, Format Version 12.00
# Visual Studio Version 17
VisualStudioVersion = 17.8.34316.72
MinimumVisualStudioVersion = 10.0.40219.1
Project("{FAE04EC0-301F-11D3-BF4B-00C04F79EFBC}") = "comic-book-gallery", "comic-book-gallery\comic-book-gallery.csproj", "{2CF271DA-CF76-4D3F-BDF1-6AC23D0526F8}"
EndProject
Global
	GlobalSection(SolutionConfigurationPlatforms) = preSolution
		Debug|Any CPU = Debug|Any CPU
		Release|Any CPU = Release|Any CPU
	EndGlobalSection
	GlobalSection(ProjectConfigurationPlatforms) = postSolution
		{2CF271DA-CF76-4D3F-BDF1-6AC23D0526F8}.Debug|Any CPU.ActiveCfg = Debug|Any CPU
		{2CF271DA-CF76-4D3F-BDF1-6AC23D0526F8}.Debug|Any CPU.Build.0 = Debug|Any CPU
		{2CF271DA-CF76-4D3F-BDF1-6AC23D0526F8}.Release|Any CPU.ActiveCfg = Release|Any CPU
		{2CF271DA-CF76-4D3F-BDF1-6AC23D0526F8}.Release|Any CPU.Build.0 = Release|Any CPU
	EndGlobalSection
	GlobalSection(SolutionProperties) = preSolution
		HideSolutionNode = FALSE
	EndGlobalSection
	GlobalSection(ExtensibilityGlobals) = postSolution
		SolutionGuid = {0B2C5868-D13D-433D-906B-C496809E2625}
	EndGlobalSection
EndGlobal
